// !$*UTF8*$!
{
	archiveVersion = 1;
	classes = {
	};
	objectVersion = 46;
	objects = {

/* Begin PBXBuildFile section */
		31822E3618D41DC7008F56E1 /* Foundation.framework in Frameworks */ = {isa = PBXBuildFile; fileRef = 31822E3518D41DC7008F56E1 /* Foundation.framework */; };
		31822E3818D41DC7008F56E1 /* CoreGraphics.framework in Frameworks */ = {isa = PBXBuildFile; fileRef = 31822E3718D41DC7008F56E1 /* CoreGraphics.framework */; };
		31822E3A18D41DC7008F56E1 /* UIKit.framework in Frameworks */ = {isa = PBXBuildFile; fileRef = 31822E3918D41DC7008F56E1 /* UIKit.framework */; };
		31822E4018D41DC7008F56E1 /* InfoPlist.strings in Resources */ = {isa = PBXBuildFile; fileRef = 31822E3E18D41DC7008F56E1 /* InfoPlist.strings */; };
		31822E4218D41DC7008F56E1 /* main.m in Sources */ = {isa = PBXBuildFile; fileRef = 31822E4118D41DC7008F56E1 /* main.m */; };
		31822E4618D41DC7008F56E1 /* AppDelegate.m in Sources */ = {isa = PBXBuildFile; fileRef = 31822E4518D41DC7008F56E1 /* AppDelegate.m */; };
		31822E4818D41DC7008F56E1 /* Images.xcassets in Resources */ = {isa = PBXBuildFile; fileRef = 31822E4718D41DC7008F56E1 /* Images.xcassets */; };
		31822E4F18D41DC7008F56E1 /* XCTest.framework in Frameworks */ = {isa = PBXBuildFile; fileRef = 31822E4E18D41DC7008F56E1 /* XCTest.framework */; };
		31822E5018D41DC7008F56E1 /* Foundation.framework in Frameworks */ = {isa = PBXBuildFile; fileRef = 31822E3518D41DC7008F56E1 /* Foundation.framework */; };
		31822E5118D41DC7008F56E1 /* UIKit.framework in Frameworks */ = {isa = PBXBuildFile; fileRef = 31822E3918D41DC7008F56E1 /* UIKit.framework */; };
		31822E5918D41DC7008F56E1 /* InfoPlist.strings in Resources */ = {isa = PBXBuildFile; fileRef = 31822E5718D41DC7008F56E1 /* InfoPlist.strings */; };
		31822E5B18D41DC7008F56E1 /* TaskApp1Tests.m in Sources */ = {isa = PBXBuildFile; fileRef = 31822E5A18D41DC7008F56E1 /* TaskApp1Tests.m */; };
/* End PBXBuildFile section */

/* Begin PBXContainerItemProxy section */
		31822E5218D41DC7008F56E1 /* PBXContainerItemProxy */ = {
			isa = PBXContainerItemProxy;
			containerPortal = 31822E2A18D41DC7008F56E1 /* Project object */;
			proxyType = 1;
			remoteGlobalIDString = 31822E3118D41DC7008F56E1;
			remoteInfo = TaskApp1;
		};
/* End PBXContainerItemProxy section */

/* Begin PBXFileReference section */
		31822E3218D41DC7008F56E1 /* TaskApp1.app */ = {isa = PBXFileReference; explicitFileType = wrapper.application; includeInIndex = 0; path = TaskApp1.app; sourceTree = BUILT_PRODUCTS_DIR; };
		31822E3518D41DC7008F56E1 /* Foundation.framework */ = {isa = PBXFileReference; lastKnownFileType = wrapper.framework; name = Foundation.framework; path = System/Library/Frameworks/Foundation.framework; sourceTree = SDKROOT; };
		31822E3718D41DC7008F56E1 /* CoreGraphics.framework */ = {isa = PBXFileReference; lastKnownFileType = wrapper.framework; name = CoreGraphics.framework; path = System/Library/Frameworks/CoreGraphics.framework; sourceTree = SDKROOT; };
		31822E3918D41DC7008F56E1 /* UIKit.framework */ = {isa = PBXFileReference; lastKnownFileType = wrapper.framework; name = UIKit.framework; path = System/Library/Frameworks/UIKit.framework; sourceTree = SDKROOT; };
		31822E3D18D41DC7008F56E1 /* TaskApp1-Info.plist */ = {isa = PBXFileReference; lastKnownFileType = text.plist.xml; path = "TaskApp1-Info.plist"; sourceTree = "<group>"; };
		31822E3F18D41DC7008F56E1 /* en */ = {isa = PBXFileReference; lastKnownFileType = text.plist.strings; name = en; path = en.lproj/InfoPlist.strings; sourceTree = "<group>"; };
		31822E4118D41DC7008F56E1 /* main.m */ = {isa = PBXFileReference; lastKnownFileType = sourcecode.c.objc; path = main.m; sourceTree = "<group>"; };
		31822E4318D41DC7008F56E1 /* TaskApp1-Prefix.pch */ = {isa = PBXFileReference; lastKnownFileType = sourcecode.c.h; path = "TaskApp1-Prefix.pch"; sourceTree = "<group>"; };
		31822E4418D41DC7008F56E1 /* AppDelegate.h */ = {isa = PBXFileReference; lastKnownFileType = sourcecode.c.h; path = AppDelegate.h; sourceTree = "<group>"; };
		31822E4518D41DC7008F56E1 /* AppDelegate.m */ = {isa = PBXFileReference; lastKnownFileType = sourcecode.c.objc; path = AppDelegate.m; sourceTree = "<group>"; };
		31822E4718D41DC7008F56E1 /* Images.xcassets */ = {isa = PBXFileReference; lastKnownFileType = folder.assetcatalog; path = Images.xcassets; sourceTree = "<group>"; };
		31822E4D18D41DC7008F56E1 /* TaskApp1Tests.xctest */ = {isa = PBXFileReference; explicitFileType = wrapper.cfbundle; includeInIndex = 0; path = TaskApp1Tests.xctest; sourceTree = BUILT_PRODUCTS_DIR; };
		31822E4E18D41DC7008F56E1 /* XCTest.framework */ = {isa = PBXFileReference; lastKnownFileType = wrapper.framework; name = XCTest.framework; path = Library/Frameworks/XCTest.framework; sourceTree = DEVELOPER_DIR; };
		31822E5618D41DC7008F56E1 /* TaskApp1Tests-Info.plist */ = {isa = PBXFileReference; lastKnownFileType = text.plist.xml; path = "TaskApp1Tests-Info.plist"; sourceTree = "<group>"; };
		31822E5818D41DC7008F56E1 /* en */ = {isa = PBXFileReference; lastKnownFileType = text.plist.strings; name = en; path = en.lproj/InfoPlist.strings; sourceTree = "<group>"; };
		31822E5A18D41DC7008F56E1 /* TaskApp1Tests.m */ = {isa = PBXFileReference; lastKnownFileType = sourcecode.c.objc; path = TaskApp1Tests.m; sourceTree = "<group>"; };
/* End PBXFileReference section */

/* Begin PBXFrameworksBuildPhase section */
		31822E2F18D41DC7008F56E1 /* Frameworks */ = {
			isa = PBXFrameworksBuildPhase;
			buildActionMask = 2147483647;
			files = (
				31822E3818D41DC7008F56E1 /* CoreGraphics.framework in Frameworks */,
				31822E3A18D41DC7008F56E1 /* UIKit.framework in Frameworks */,
				31822E3618D41DC7008F56E1 /* Foundation.framework in Frameworks */,
			);
			runOnlyForDeploymentPostprocessing = 0;
		};
		31822E4A18D41DC7008F56E1 /* Frameworks */ = {
			isa = PBXFrameworksBuildPhase;
			buildActionMask = 2147483647;
			files = (
				31822E4F18D41DC7008F56E1 /* XCTest.framework in Frameworks */,
				31822E5118D41DC7008F56E1 /* UIKit.framework in Frameworks */,
				31822E5018D41DC7008F56E1 /* Foundation.framework in Frameworks */,
			);
			runOnlyForDeploymentPostprocessing = 0;
		};
/* End PBXFrameworksBuildPhase section */

/* Begin PBXGroup section */
		31822E2918D41DC7008F56E1 = {
			isa = PBXGroup;
			children = (
				31822E3B18D41DC7008F56E1 /* TaskApp1 */,
				31822E5418D41DC7008F56E1 /* TaskApp1Tests */,
				31822E3418D41DC7008F56E1 /* Frameworks */,
				31822E3318D41DC7008F56E1 /* Products */,
			);
			sourceTree = "<group>";
		};
		31822E3318D41DC7008F56E1 /* Products */ = {
			isa = PBXGroup;
			children = (
				31822E3218D41DC7008F56E1 /* TaskApp1.app */,
				31822E4D18D41DC7008F56E1 /* TaskApp1Tests.xctest */,
			);
			name = Products;
			sourceTree = "<group>";
		};
		31822E3418D41DC7008F56E1 /* Frameworks */ = {
			isa = PBXGroup;
			children = (
				31822E3518D41DC7008F56E1 /* Foundation.framework */,
				31822E3718D41DC7008F56E1 /* CoreGraphics.framework */,
				31822E3918D41DC7008F56E1 /* UIKit.framework */,
				31822E4E18D41DC7008F56E1 /* XCTest.framework */,
			);
			name = Frameworks;
			sourceTree = "<group>";
		};
		31822E3B18D41DC7008F56E1 /* TaskApp1 */ = {
			isa = PBXGroup;
			children = (
				31822E4418D41DC7008F56E1 /* AppDelegate.h */,
				31822E4518D41DC7008F56E1 /* AppDelegate.m */,
				31822E4718D41DC7008F56E1 /* Images.xcassets */,
				31822E3C18D41DC7008F56E1 /* Supporting Files */,
			);
			path = TaskApp1;
			sourceTree = "<group>";
		};
		31822E3C18D41DC7008F56E1 /* Supporting Files */ = {
			isa = PBXGroup;
			children = (
				31822E3D18D41DC7008F56E1 /* TaskApp1-Info.plist */,
				31822E3E18D41DC7008F56E1 /* InfoPlist.strings */,
				31822E4118D41DC7008F56E1 /* main.m */,
				31822E4318D41DC7008F56E1 /* TaskApp1-Prefix.pch */,
			);
			name = "Supporting Files";
			sourceTree = "<group>";
		};
		31822E5418D41DC7008F56E1 /* TaskApp1Tests */ = {
			isa = PBXGroup;
			children = (
				31822E5A18D41DC7008F56E1 /* TaskApp1Tests.m */,
				31822E5518D41DC7008F56E1 /* Supporting Files */,
			);
			path = TaskApp1Tests;
			sourceTree = "<group>";
		};
		31822E5518D41DC7008F56E1 /* Supporting Files */ = {
			isa = PBXGroup;
			children = (
				31822E5618D41DC7008F56E1 /* TaskApp1Tests-Info.plist */,
				31822E5718D41DC7008F56E1 /* InfoPlist.strings */,
			);
			name = "Supporting Files";
			sourceTree = "<group>";
		};
/* End PBXGroup section */

/* Begin PBXNativeTarget section */
		31822E3118D41DC7008F56E1 /* TaskApp1 */ = {
			isa = PBXNativeTarget;
			buildConfigurationList = 31822E5E18D41DC8008F56E1 /* Build configuration list for PBXNativeTarget "TaskApp1" */;
			buildPhases = (
				31822E2E18D41DC7008F56E1 /* Sources */,
				31822E2F18D41DC7008F56E1 /* Frameworks */,
				31822E3018D41DC7008F56E1 /* Resources */,
			);
			buildRules = (
			);
			dependencies = (
			);
			name = TaskApp1;
			productName = TaskApp1;
			productReference = 31822E3218D41DC7008F56E1 /* TaskApp1.app */;
			productType = "com.apple.product-type.application";
		};
		31822E4C18D41DC7008F56E1 /* TaskApp1Tests */ = {
			isa = PBXNativeTarget;
			buildConfigurationList = 31822E6118D41DC8008F56E1 /* Build configuration list for PBXNativeTarget "TaskApp1Tests" */;
			buildPhases = (
				31822E4918D41DC7008F56E1 /* Sources */,
				31822E4A18D41DC7008F56E1 /* Frameworks */,
				31822E4B18D41DC7008F56E1 /* Resources */,
			);
			buildRules = (
			);
			dependencies = (
				31822E5318D41DC7008F56E1 /* PBXTargetDependency */,
			);
			name = TaskApp1Tests;
			productName = TaskApp1Tests;
			productReference = 31822E4D18D41DC7008F56E1 /* TaskApp1Tests.xctest */;
			productType = "com.apple.product-type.bundle.unit-test";
		};
/* End PBXNativeTarget section */

/* Begin PBXProject section */
		31822E2A18D41DC7008F56E1 /* Project object */ = {
			isa = PBXProject;
			attributes = {
				LastUpgradeCheck = 0510;
				ORGANIZATIONNAME = gkSolutions;
				TargetAttributes = {
					31822E4C18D41DC7008F56E1 = {
						TestTargetID = 31822E3118D41DC7008F56E1;
					};
				};
			};
			buildConfigurationList = 31822E2D18D41DC7008F56E1 /* Build configuration list for PBXProject "TaskApp1" */;
			compatibilityVersion = "Xcode 3.2";
			developmentRegion = English;
			hasScannedForEncodings = 0;
			knownRegions = (
				en,
			);
			mainGroup = 31822E2918D41DC7008F56E1;
			productRefGroup = 31822E3318D41DC7008F56E1 /* Products */;
			projectDirPath = "";
			projectRoot = "";
			targets = (
				31822E3118D41DC7008F56E1 /* TaskApp1 */,
				31822E4C18D41DC7008F56E1 /* TaskApp1Tests */,
			);
		};
/* End PBXProject section */

/* Begin PBXResourcesBuildPhase section */
		31822E3018D41DC7008F56E1 /* Resources */ = {
			isa = PBXResourcesBuildPhase;
			buildActionMask = 2147483647;
			files = (
				31822E4018D41DC7008F56E1 /* InfoPlist.strings in Resources */,
				31822E4818D41DC7008F56E1 /* Images.xcassets in Resources */,
			);
			runOnlyForDeploymentPostprocessing = 0;
		};
		31822E4B18D41DC7008F56E1 /* Resources */ = {
			isa = PBXResourcesBuildPhase;
			buildActionMask = 2147483647;
			files = (
				31822E5918D41DC7008F56E1 /* InfoPlist.strings in Resources */,
			);
			runOnlyForDeploymentPostprocessing = 0;
		};
/* End PBXResourcesBuildPhase section */

/* Begin PBXSourcesBuildPhase section */
		31822E2E18D41DC7008F56E1 /* Sources */ = {
			isa = PBXSourcesBuildPhase;
			buildActionMask = 2147483647;
			files = (
				31822E4618D41DC7008F56E1 /* AppDelegate.m in Sources */,
				31822E4218D41DC7008F56E1 /* main.m in Sources */,
			);
			runOnlyForDeploymentPostprocessing = 0;
		};
		31822E4918D41DC7008F56E1 /* Sources */ = {
			isa = PBXSourcesBuildPhase;
			buildActionMask = 2147483647;
			files = (
				31822E5B18D41DC7008F56E1 /* TaskApp1Tests.m in Sources */,
			);
			runOnlyForDeploymentPostprocessing = 0;
		};
/* End PBXSourcesBuildPhase section */

/* Begin PBXTargetDependency section */
		31822E5318D41DC7008F56E1 /* PBXTargetDependency */ = {
			isa = PBXTargetDependency;
			target = 31822E3118D41DC7008F56E1 /* TaskApp1 */;
			targetProxy = 31822E5218D41DC7008F56E1 /* PBXContainerItemProxy */;
		};
/* End PBXTargetDependency section */

/* Begin PBXVariantGroup section */
		31822E3E18D41DC7008F56E1 /* InfoPlist.strings */ = {
			isa = PBXVariantGroup;
			children = (
				31822E3F18D41DC7008F56E1 /* en */,
			);
			name = InfoPlist.strings;
			sourceTree = "<group>";
		};
		31822E5718D41DC7008F56E1 /* InfoPlist.strings */ = {
			isa = PBXVariantGroup;
			children = (
				31822E5818D41DC7008F56E1 /* en */,
			);
			name = InfoPlist.strings;
			sourceTree = "<group>";
		};
/* End PBXVariantGroup section */

/* Begin XCBuildConfiguration section */
		31822E5C18D41DC8008F56E1 /* Debug */ = {
			isa = XCBuildConfiguration;
			buildSettings = {
				ALWAYS_SEARCH_USER_PATHS = NO;
				CLANG_CXX_LANGUAGE_STANDARD = "gnu++0x";
				CLANG_CXX_LIBRARY = "libc++";
				CLANG_ENABLE_MODULES = YES;
				CLANG_ENABLE_OBJC_ARC = YES;
				CLANG_WARN_BOOL_CONVERSION = YES;
				CLANG_WARN_CONSTANT_CONVERSION = YES;
				CLANG_WARN_DIRECT_OBJC_ISA_USAGE = YES_ERROR;
				CLANG_WARN_EMPTY_BODY = YES;
				CLANG_WARN_ENUM_CONVERSION = YES;
				CLANG_WARN_INT_CONVERSION = YES;
				CLANG_WARN_OBJC_ROOT_CLASS = YES_ERROR;
				CLANG_WARN__DUPLICATE_METHOD_MATCH = YES;
				"CODE_SIGN_IDENTITY[sdk=iphoneos*]" = "iPhone Developer";
				COPY_PHASE_STRIP = NO;
				GCC_C_LANGUAGE_STANDARD = gnu99;
				GCC_DYNAMIC_NO_PIC = NO;
				GCC_OPTIMIZATION_LEVEL = 0;
				GCC_PREPROCESSOR_DEFINITIONS = (
					"DEBUG=1",
					"$(inherited)",
				);
				GCC_SYMBOLS_PRIVATE_EXTERN = NO;
				GCC_WARN_64_TO_32_BIT_CONVERSION = YES;
				GCC_WARN_ABOUT_RETURN_TYPE = YES_ERROR;
				GCC_WARN_UNDECLARED_SELECTOR = YES;
				GCC_WARN_UNINITIALIZED_AUTOS = YES_AGGRESSIVE;
				GCC_WARN_UNUSED_FUNCTION = YES;
				GCC_WARN_UNUSED_VARIABLE = YES;
				IPHONEOS_DEPLOYMENT_TARGET = 7.1;
				ONLY_ACTIVE_ARCH = YES;
				SDKROOT = iphoneos;
			};
			name = Debug;
		};
		31822E5D18D41DC8008F56E1 /* Release */ = {
			isa = XCBuildConfiguration;
			buildSettings = {
				ALWAYS_SEARCH_USER_PATHS = NO;
				CLANG_CXX_LANGUAGE_STANDARD = "gnu++0x";
				CLANG_CXX_LIBRARY = "libc++";
				CLANG_ENABLE_MODULES = YES;
				CLANG_ENABLE_OBJC_ARC = YES;
				CLANG_WARN_BOOL_CONVERSION = YES;
				CLANG_WARN_CONSTANT_CONVERSION = YES;
				CLANG_WARN_DIRECT_OBJC_ISA_USAGE = YES_ERROR;
				CLANG_WARN_EMPTY_BODY = YES;
				CLANG_WARN_ENUM_CONVERSION = YES;
				CLANG_WARN_INT_CONVERSION = YES;
				CLANG_WARN_OBJC_ROOT_CLASS = YES_ERROR;
				CLANG_WARN__DUPLICATE_METHOD_MATCH = YES;
				"CODE_SIGN_IDENTITY[sdk=iphoneos*]" = "iPhone Developer";
				COPY_PHASE_STRIP = YES;
				ENABLE_NS_ASSERTIONS = NO;
				GCC_C_LANGUAGE_STANDARD = gnu99;
				GCC_WARN_64_TO_32_BIT_CONVERSION = YES;
				GCC_WARN_ABOUT_RETURN_TYPE = YES_ERROR;
				GCC_WARN_UNDECLARED_SELECTOR = YES;
				GCC_WARN_UNINITIALIZED_AUTOS = YES_AGGRESSIVE;
				GCC_WARN_UNUSED_FUNCTION = YES;
				GCC_WARN_UNUSED_VARIABLE = YES;
				IPHONEOS_DEPLOYMENT_TARGET = 7.1;
				SDKROOT = iphoneos;
				VALIDATE_PRODUCT = YES;
			};
			name = Release;
		};
		31822E5F18D41DC8008F56E1 /* Debug */ = {
			isa = XCBuildConfiguration;
			buildSettings = {
				ASSETCATALOG_COMPILER_APPICON_NAME = AppIcon;
				ASSETCATALOG_COMPILER_LAUNCHIMAGE_NAME = LaunchImage;
				GCC_PRECOMPILE_PREFIX_HEADER = YES;
				GCC_PREFIX_HEADER = "TaskApp1/TaskApp1-Prefix.pch";
				INFOPLIST_FILE = "TaskApp1/TaskApp1-Info.plist";
				PRODUCT_NAME = "$(TARGET_NAME)";
				WRAPPER_EXTENSION = app;
			};
			name = Debug;
		};
		31822E6018D41DC8008F56E1 /* Release */ = {
			isa = XCBuildConfiguration;
			buildSettings = {
				ASSETCATALOG_COMPILER_APPICON_NAME = AppIcon;
				ASSETCATALOG_COMPILER_LAUNCHIMAGE_NAME = LaunchImage;
				GCC_PRECOMPILE_PREFIX_HEADER = YES;
				GCC_PREFIX_HEADER = "TaskApp1/TaskApp1-Prefix.pch";
				INFOPLIST_FILE = "TaskApp1/TaskApp1-Info.plist";
				PRODUCT_NAME = "$(TARGET_NAME)";
				WRAPPER_EXTENSION = app;
			};
			name = Release;
		};
		31822E6218D41DC8008F56E1 /* Debug */ = {
			isa = XCBuildConfiguration;
			buildSettings = {
				BUNDLE_LOADER = "$(BUILT_PRODUCTS_DIR)/TaskApp1.app/TaskApp1";
				FRAMEWORK_SEARCH_PATHS = (
					"$(SDKROOT)/Developer/Library/Frameworks",
					"$(inherited)",
					"$(DEVELOPER_FRAMEWORKS_DIR)",
				);
				GCC_PRECOMPILE_PREFIX_HEADER = YES;
				GCC_PREFIX_HEADER = "TaskApp1/TaskApp1-Prefix.pch";
				GCC_PREPROCESSOR_DEFINITIONS = (
					"DEBUG=1",
					"$(inherited)",
				);
				INFOPLIST_FILE = "TaskApp1Tests/TaskApp1Tests-Info.plist";
				PRODUCT_NAME = "$(TARGET_NAME)";
				TEST_HOST = "$(BUNDLE_LOADER)";
				WRAPPER_EXTENSION = xctest;
			};
			name = Debug;
		};
		31822E6318D41DC8008F56E1 /* Release */ = {
			isa = XCBuildConfiguration;
			buildSettings = {
				BUNDLE_LOADER = "$(BUILT_PRODUCTS_DIR)/TaskApp1.app/TaskApp1";
				FRAMEWORK_SEARCH_PATHS = (
					"$(SDKROOT)/Developer/Library/Frameworks",
					"$(inherited)",
					"$(DEVELOPER_FRAMEWORKS_DIR)",
				);
				GCC_PRECOMPILE_PREFIX_HEADER = YES;
				GCC_PREFIX_HEADER = "TaskApp1/TaskApp1-Prefix.pch";
				INFOPLIST_FILE = "TaskApp1Tests/TaskApp1Tests-Info.plist";
				PRODUCT_NAME = "$(TARGET_NAME)";
				TEST_HOST = "$(BUNDLE_LOADER)";
				WRAPPER_EXTENSION = xctest;
			};
			name = Release;
		};
/* End XCBuildConfiguration section */

/* Begin XCConfigurationList section */
		31822E2D18D41DC7008F56E1 /* Build configuration list for PBXProject "TaskApp1" */ = {
			isa = XCConfigurationList;
			buildConfigurations = (
				31822E5C18D41DC8008F56E1 /* Debug */,
				31822E5D18D41DC8008F56E1 /* Release */,
			);
			defaultConfigurationIsVisible = 0;
			defaultConfigurationName = Release;
		};
		31822E5E18D41DC8008F56E1 /* Build configuration list for PBXNativeTarget "TaskApp1" */ = {
			isa = XCConfigurationList;
			buildConfigurations = (
				31822E5F18D41DC8008F56E1 /* Debug */,
				31822E6018D41DC8008F56E1 /* Release */,
			);
			defaultConfigurationIsVisible = 0;
		};
		31822E6118D41DC8008F56E1 /* Build configuration list for PBXNativeTarget "TaskApp1Tests" */ = {
			isa = XCConfigurationList;
			buildConfigurations = (
				31822E6218D41DC8008F56E1 /* Debug */,
				31822E6318D41DC8008F56E1 /* Release */,
			);
			defaultConfigurationIsVisible = 0;
		};
/* End XCConfigurationList section */
	};
	rootObject = 31822E2A18D41DC7008F56E1 /* Project object */;
}
